
Microsoft Visual Studio Solution File, Format Version 12.00
# Visual Studio Version 16
VisualStudioVersion = 16.0.31624.102
MinimumVisualStudioVersion = 10.0.40219.1
Project("{9A19103F-16F7-4668-BE54-9A1E7A4F7556}") = "ADOPM2_03_01", "ADOPM2_03_01\ADOPM2_03_01.csproj", "{7BEB4F7C-DA44-4EED-984A-2FC8386D3621}"
EndProject
Project("{9A19103F-16F7-4668-BE54-9A1E7A4F7556}") = "ADOPM2_03_03", "ADOPM2_03_03\ADOPM2_03_03.csproj", "{D2E4584E-9C1A-4231-884C-48F17A12854F}"
EndProject
Project("{9A19103F-16F7-4668-BE54-9A1E7A4F7556}") = "ADOPM2_03_04", "ADOPM2_03_04\ADOPM2_03_04.csproj", "{E140D113-74AD-4F8D-8DD3-B3F7AC6E8300}"
EndProject
Project("{9A19103F-16F7-4668-BE54-9A1E7A4F7556}") = "ADOPM2_03_05", "ADOPM2_03_05\ADOPM2_03_05.csproj", "{FBB7B756-849F-4A97-9534-7E9E7A8D9FAD}"
EndProject
Project("{9A19103F-16F7-4668-BE54-9A1E7A4F7556}") = "ADOPM2_03_06", "ADOPM2_03_06\ADOPM2_03_06.csproj", "{BA8A3E2B-EF0F-44B1-8122-869400CD8B4D}"
EndProject
Project("{9A19103F-16F7-4668-BE54-9A1E7A4F7556}") = "ADOPM2_03_07", "ADOPM2_03_07\ADOPM2_03_07.csproj", "{556A737C-F82F-4697-AEC0-C17202E8A459}"
EndProject
Project("{9A19103F-16F7-4668-BE54-9A1E7A4F7556}") = "ADOPM2_03_08", "ADOPM2_03_08\ADOPM2_03_08.csproj", "{84D4A1A0-DB64-47A7-B215-6DEF82B7FDC8}"
EndProject
Project("{9A19103F-16F7-4668-BE54-9A1E7A4F7556}") = "ADOPM2_03_09", "ADOPM2_03_09\ADOPM2_03_09.csproj", "{5FE9DC8F-E3EB-466D-BAB1-E251D875251F}"
EndProject
Project("{9A19103F-16F7-4668-BE54-9A1E7A4F7556}") = "ADOPM2_03_02", "ADOPM2_03_02\ADOPM2_03_02.csproj", "{5BF3B98E-7EE1-4C7F-9B48-A916DDC95982}"
EndProject
Global
	GlobalSection(SolutionConfigurationPlatforms) = preSolution
		Debug|Any CPU = Debug|Any CPU
		Release|Any CPU = Release|Any CPU
	EndGlobalSection
	GlobalSection(ProjectConfigurationPlatforms) = postSolution
		{7BEB4F7C-DA44-4EED-984A-2FC8386D3621}.Debug|Any CPU.ActiveCfg = Debug|Any CPU
		{7BEB4F7C-DA44-4EED-984A-2FC8386D3621}.Debug|Any CPU.Build.0 = Debug|Any CPU
		{7BEB4F7C-DA44-4EED-984A-2FC8386D3621}.Release|Any CPU.ActiveCfg = Release|Any CPU
		{7BEB4F7C-DA44-4EED-984A-2FC8386D3621}.Release|Any CPU.Build.0 = Release|Any CPU
		{D2E4584E-9C1A-4231-884C-48F17A12854F}.Debug|Any CPU.ActiveCfg = Debug|Any CPU
		{D2E4584E-9C1A-4231-884C-48F17A12854F}.Debug|Any CPU.Build.0 = Debug|Any CPU
		{D2E4584E-9C1A-4231-884C-48F17A12854F}.Release|Any CPU.ActiveCfg = Release|Any CPU
		{D2E4584E-9C1A-4231-884C-48F17A12854F}.Release|Any CPU.Build.0 = Release|Any CPU
		{E140D113-74AD-4F8D-8DD3-B3F7AC6E8300}.Debug|Any CPU.ActiveCfg = Debug|Any CPU
		{E140D113-74AD-4F8D-8DD3-B3F7AC6E8300}.Debug|Any CPU.Build.0 = Debug|Any CPU
		{E140D113-74AD-4F8D-8DD3-B3F7AC6E8300}.Release|Any CPU.ActiveCfg = Release|Any CPU
		{E140D113-74AD-4F8D-8DD3-B3F7AC6E8300}.Release|Any CPU.Build.0 = Release|Any CPU
		{FBB7B756-849F-4A97-9534-7E9E7A8D9FAD}.Debug|Any CPU.ActiveCfg = Debug|Any CPU
		{FBB7B756-849F-4A97-9534-7E9E7A8D9FAD}.Debug|Any CPU.Build.0 = Debug|Any CPU
		{FBB7B756-849F-4A97-9534-7E9E7A8D9FAD}.Release|Any CPU.ActiveCfg = Release|Any CPU
		{FBB7B756-849F-4A97-9534-7E9E7A8D9FAD}.Release|Any CPU.Build.0 = Release|Any CPU
		{BA8A3E2B-EF0F-44B1-8122-869400CD8B4D}.Debug|Any CPU.ActiveCfg = Debug|Any CPU
		{BA8A3E2B-EF0F-44B1-8122-869400CD8B4D}.Debug|Any CPU.Build.0 = Debug|Any CPU
		{BA8A3E2B-EF0F-44B1-8122-869400CD8B4D}.Release|Any CPU.ActiveCfg = Release|Any CPU
		{BA8A3E2B-EF0F-44B1-8122-869400CD8B4D}.Release|Any CPU.Build.0 = Release|Any CPU
		{556A737C-F82F-4697-AEC0-C17202E8A459}.Debug|Any CPU.ActiveCfg = Debug|Any CPU
		{556A737C-F82F-4697-AEC0-C17202E8A459}.Debug|Any CPU.Build.0 = Debug|Any CPU
		{556A737C-F82F-4697-AEC0-C17202E8A459}.Release|Any CPU.ActiveCfg = Release|Any CPU
		{556A737C-F82F-4697-AEC0-C17202E8A459}.Release|Any CPU.Build.0 = Release|Any CPU
		{84D4A1A0-DB64-47A7-B215-6DEF82B7FDC8}.Debug|Any CPU.ActiveCfg = Debug|Any CPU
		{84D4A1A0-DB64-47A7-B215-6DEF82B7FDC8}.Debug|Any CPU.Build.0 = Debug|Any CPU
		{84D4A1A0-DB64-47A7-B215-6DEF82B7FDC8}.Release|Any CPU.ActiveCfg = Release|Any CPU
		{84D4A1A0-DB64-47A7-B215-6DEF82B7FDC8}.Release|Any CPU.Build.0 = Release|Any CPU
		{5FE9DC8F-E3EB-466D-BAB1-E251D875251F}.Debug|Any CPU.ActiveCfg = Debug|Any CPU
		{5FE9DC8F-E3EB-466D-BAB1-E251D875251F}.Debug|Any CPU.Build.0 = Debug|Any CPU
		{5FE9DC8F-E3EB-466D-BAB1-E251D875251F}.Release|Any CPU.ActiveCfg = Release|Any CPU
		{5FE9DC8F-E3EB-466D-BAB1-E251D875251F}.Release|Any CPU.Build.0 = Release|Any CPU
		{5BF3B98E-7EE1-4C7F-9B48-A916DDC95982}.Debug|Any CPU.ActiveCfg = Debug|Any CPU
		{5BF3B98E-7EE1-4C7F-9B48-A916DDC95982}.Debug|Any CPU.Build.0 = Debug|Any CPU
		{5BF3B98E-7EE1-4C7F-9B48-A916DDC95982}.Release|Any CPU.ActiveCfg = Release|Any CPU
		{5BF3B98E-7EE1-4C7F-9B48-A916DDC95982}.Release|Any CPU.Build.0 = Release|Any CPU
	EndGlobalSection
	GlobalSection(SolutionProperties) = preSolution
		HideSolutionNode = FALSE
	EndGlobalSection
	GlobalSection(ExtensibilityGlobals) = postSolution
		SolutionGuid = {C2B49F0F-6784-4FD8-A856-97B229B9C56C}
	EndGlobalSection
EndGlobal
